
Microsoft Visual Studio Solution File, Format Version 12.00
# Visual Studio 15
VisualStudioVersion = 15.0.27004.2005
MinimumVisualStudioVersion = 10.0.40219.1
Project("{FAE04EC0-301F-11D3-BF4B-00C04F79EFBC}") = "CardLib2", "CardLib2\CardLib2.csproj", "{C4F13A0F-A38A-4AFE-831A-11C99B7AE127}"
EndProject
Global
	GlobalSection(SolutionConfigurationPlatforms) = preSolution
		Debug|Any CPU = Debug|Any CPU
		Release|Any CPU = Release|Any CPU
	EndGlobalSection
	GlobalSection(ProjectConfigurationPlatforms) = postSolution
		{C4F13A0F-A38A-4AFE-831A-11C99B7AE127}.Debug|Any CPU.ActiveCfg = Debug|Any CPU
		{C4F13A0F-A38A-4AFE-831A-11C99B7AE127}.Debug|Any CPU.Build.0 = Debug|Any CPU
		{C4F13A0F-A38A-4AFE-831A-11C99B7AE127}.Release|Any CPU.ActiveCfg = Release|Any CPU
		{C4F13A0F-A38A-4AFE-831A-11C99B7AE127}.Release|Any CPU.Build.0 = Release|Any CPU
	EndGlobalSection
	GlobalSection(SolutionProperties) = preSolution
		HideSolutionNode = FALSE
	EndGlobalSection
	GlobalSection(ExtensibilityGlobals) = postSolution
		SolutionGuid = {6AD6C1CD-407F-45EB-9020-D385C9F31F6D}
	EndGlobalSection
EndGlobal
